
Microsoft Visual Studio Solution File, Format Version 12.00
# Visual Studio Version 17
VisualStudioVersion = 17.8.34212.112
MinimumVisualStudioVersion = 10.0.40219.1
Project("{FAE04EC0-301F-11D3-BF4B-00C04F79EFBC}") = "BookCafe.Service", "BookCafe.Service\BookCafe.Service.csproj", "{81DA07B4-EAF1-4CE6-A031-7C13EAF6DE23}"
EndProject
Project("{FAE04EC0-301F-11D3-BF4B-00C04F79EFBC}") = "BookCafe.Backend", "BookCafe.Backend\BookCafe.Backend.csproj", "{9ED7CCBD-A210-497D-A0F4-C7BCB545CD98}"
EndProject
Global
	GlobalSection(SolutionConfigurationPlatforms) = preSolution
		Debug|Any CPU = Debug|Any CPU
		Release|Any CPU = Release|Any CPU
	EndGlobalSection
	GlobalSection(ProjectConfigurationPlatforms) = postSolution
		{81DA07B4-EAF1-4CE6-A031-7C13EAF6DE23}.Debug|Any CPU.ActiveCfg = Debug|Any CPU
		{81DA07B4-EAF1-4CE6-A031-7C13EAF6DE23}.Debug|Any CPU.Build.0 = Debug|Any CPU
		{81DA07B4-EAF1-4CE6-A031-7C13EAF6DE23}.Release|Any CPU.ActiveCfg = Release|Any CPU
		{81DA07B4-EAF1-4CE6-A031-7C13EAF6DE23}.Release|Any CPU.Build.0 = Release|Any CPU
		{9ED7CCBD-A210-497D-A0F4-C7BCB545CD98}.Debug|Any CPU.ActiveCfg = Debug|Any CPU
		{9ED7CCBD-A210-497D-A0F4-C7BCB545CD98}.Debug|Any CPU.Build.0 = Debug|Any CPU
		{9ED7CCBD-A210-497D-A0F4-C7BCB545CD98}.Release|Any CPU.ActiveCfg = Release|Any CPU
		{9ED7CCBD-A210-497D-A0F4-C7BCB545CD98}.Release|Any CPU.Build.0 = Release|Any CPU
	EndGlobalSection
	GlobalSection(SolutionProperties) = preSolution
		HideSolutionNode = FALSE
	EndGlobalSection
	GlobalSection(ExtensibilityGlobals) = postSolution
		SolutionGuid = {5F74E97E-6661-4273-A095-BDEF888C52AD}
	EndGlobalSection
EndGlobal
